// !$*UTF8*$!
{
	archiveVersion = 1;
	classes = {
	};
	objectVersion = 77;
	objects = {

/* Begin PBXBuildFile section */
		5151B8692DD179F600E7A7E3 /* FirebaseAuth in Frameworks */ = {isa = PBXBuildFile; productRef = 5151B8682DD179F600E7A7E3 /* FirebaseAuth */; };
		5151B86B2DD179F600E7A7E3 /* FirebaseCore in Frameworks */ = {isa = PBXBuildFile; productRef = 5151B86A2DD179F600E7A7E3 /* FirebaseCore */; };
/* End PBXBuildFile section */

/* Begin PBXContainerItemProxy section */
		5151B84B2DD1744F00E7A7E3 /* PBXContainerItemProxy */ = {
			isa = PBXContainerItemProxy;
			containerPortal = 5151B8302DD1744C00E7A7E3 /* Project object */;
			proxyType = 1;
			remoteGlobalIDString = 5151B8372DD1744C00E7A7E3;
			remoteInfo = ChapteRED;
		};
		5151B8552DD1744F00E7A7E3 /* PBXContainerItemProxy */ = {
			isa = PBXContainerItemProxy;
			containerPortal = 5151B8302DD1744C00E7A7E3 /* Project object */;
			proxyType = 1;
			remoteGlobalIDString = 5151B8372DD1744C00E7A7E3;
			remoteInfo = ChapteRED;
		};
/* End PBXContainerItemProxy section */

/* Begin PBXFileReference section */
		5151B8382DD1744C00E7A7E3 /* ChapteRED.app */ = {isa = PBXFileReference; explicitFileType = wrapper.application; includeInIndex = 0; path = ChapteRED.app; sourceTree = BUILT_PRODUCTS_DIR; };
		5151B84A2DD1744F00E7A7E3 /* ChapteREDTests.xctest */ = {isa = PBXFileReference; explicitFileType = wrapper.cfbundle; includeInIndex = 0; path = ChapteREDTests.xctest; sourceTree = BUILT_PRODUCTS_DIR; };
		5151B8542DD1744F00E7A7E3 /* ChapteREDUITests.xctest */ = {isa = PBXFileReference; explicitFileType = wrapper.cfbundle; includeInIndex = 0; path = ChapteREDUITests.xctest; sourceTree = BUILT_PRODUCTS_DIR; };
/* End PBXFileReference section */

/* Begin PBXFileSystemSynchronizedRootGroup section */
		5151B83A2DD1744C00E7A7E3 /* ChapteRED */ = {
			isa = PBXFileSystemSynchronizedRootGroup;
			path = ChapteRED;
			sourceTree = "<group>";
		};
		5151B84D2DD1744F00E7A7E3 /* ChapteREDTests */ = {
			isa = PBXFileSystemSynchronizedRootGroup;
			path = ChapteREDTests;
			sourceTree = "<group>";
		};
		5151B8572DD1744F00E7A7E3 /* ChapteREDUITests */ = {
			isa = PBXFileSystemSynchronizedRootGroup;
			path = ChapteREDUITests;
			sourceTree = "<group>";
		};
/* End PBXFileSystemSynchronizedRootGroup section */

/* Begin PBXFrameworksBuildPhase section */
		5151B8352DD1744C00E7A7E3 /* Frameworks */ = {
			isa = PBXFrameworksBuildPhase;
			buildActionMask = 2147483647;
			files = (
				5151B86B2DD179F600E7A7E3 /* FirebaseCore in Frameworks */,
				5151B8692DD179F600E7A7E3 /* FirebaseAuth in Frameworks */,
			);
			runOnlyForDeploymentPostprocessing = 0;
		};
		5151B8472DD1744F00E7A7E3 /* Frameworks */ = {
			isa = PBXFrameworksBuildPhase;
			buildActionMask = 2147483647;
			files = (
			);
			runOnlyForDeploymentPostprocessing = 0;
		};
		5151B8512DD1744F00E7A7E3 /* Frameworks */ = {
			isa = PBXFrameworksBuildPhase;
			buildActionMask = 2147483647;
			files = (
			);
			runOnlyForDeploymentPostprocessing = 0;
		};
/* End PBXFrameworksBuildPhase section */

/* Begin PBXGroup section */
		5151B82F2DD1744C00E7A7E3 = {
			isa = PBXGroup;
			children = (
				5151B83A2DD1744C00E7A7E3 /* ChapteRED */,
				5151B84D2DD1744F00E7A7E3 /* ChapteREDTests */,
				5151B8572DD1744F00E7A7E3 /* ChapteREDUITests */,
				5151B8392DD1744C00E7A7E3 /* Products */,
			);
			sourceTree = "<group>";
		};
		5151B8392DD1744C00E7A7E3 /* Products */ = {
			isa = PBXGroup;
			children = (
				5151B8382DD1744C00E7A7E3 /* ChapteRED.app */,
				5151B84A2DD1744F00E7A7E3 /* ChapteREDTests.xctest */,
				5151B8542DD1744F00E7A7E3 /* ChapteREDUITests.xctest */,
			);
			name = Products;
			sourceTree = "<group>";
		};
/* End PBXGroup section */

/* Begin PBXNativeTarget section */
		5151B8372DD1744C00E7A7E3 /* ChapteRED */ = {
			isa = PBXNativeTarget;
			buildConfigurationList = 5151B85E2DD1744F00E7A7E3 /* Build configuration list for PBXNativeTarget "ChapteRED" */;
			buildPhases = (
				5151B8342DD1744C00E7A7E3 /* Sources */,
				5151B8352DD1744C00E7A7E3 /* Frameworks */,
				5151B8362DD1744C00E7A7E3 /* Resources */,
			);
			buildRules = (
			);
			dependencies = (
			);
			fileSystemSynchronizedGroups = (
				5151B83A2DD1744C00E7A7E3 /* ChapteRED */,
			);
			name = ChapteRED;
			packageProductDependencies = (
				5151B8682DD179F600E7A7E3 /* FirebaseAuth */,
				5151B86A2DD179F600E7A7E3 /* FirebaseCore */,
			);
			productName = ChapteRED;
			productReference = 5151B8382DD1744C00E7A7E3 /* ChapteRED.app */;
			productType = "com.apple.product-type.application";
		};
		5151B8492DD1744F00E7A7E3 /* ChapteREDTests */ = {
			isa = PBXNativeTarget;
			buildConfigurationList = 5151B8612DD1744F00E7A7E3 /* Build configuration list for PBXNativeTarget "ChapteREDTests" */;
			buildPhases = (
				5151B8462DD1744F00E7A7E3 /* Sources */,
				5151B8472DD1744F00E7A7E3 /* Frameworks */,
				5151B8482DD1744F00E7A7E3 /* Resources */,
			);
			buildRules = (
			);
			dependencies = (
				5151B84C2DD1744F00E7A7E3 /* PBXTargetDependency */,
			);
			fileSystemSynchronizedGroups = (
				5151B84D2DD1744F00E7A7E3 /* ChapteREDTests */,
			);
			name = ChapteREDTests;
			packageProductDependencies = (
			);
			productName = ChapteREDTests;
			productReference = 5151B84A2DD1744F00E7A7E3 /* ChapteREDTests.xctest */;
			productType = "com.apple.product-type.bundle.unit-test";
		};
		5151B8532DD1744F00E7A7E3 /* ChapteREDUITests */ = {
			isa = PBXNativeTarget;
			buildConfigurationList = 5151B8642DD1744F00E7A7E3 /* Build configuration list for PBXNativeTarget "ChapteREDUITests" */;
			buildPhases = (
				5151B8502DD1744F00E7A7E3 /* Sources */,
				5151B8512DD1744F00E7A7E3 /* Frameworks */,
				5151B8522DD1744F00E7A7E3 /* Resources */,
			);
			buildRules = (
			);
			dependencies = (
				5151B8562DD1744F00E7A7E3 /* PBXTargetDependency */,
			);
			fileSystemSynchronizedGroups = (
				5151B8572DD1744F00E7A7E3 /* ChapteREDUITests */,
			);
			name = ChapteREDUITests;
			packageProductDependencies = (
			);
			productName = ChapteREDUITests;
			productReference = 5151B8542DD1744F00E7A7E3 /* ChapteREDUITests.xctest */;
			productType = "com.apple.product-type.bundle.ui-testing";
		};
/* End PBXNativeTarget section */

/* Begin PBXProject section */
		5151B8302DD1744C00E7A7E3 /* Project object */ = {
			isa = PBXProject;
			attributes = {
				BuildIndependentTargetsInParallel = 1;
				LastSwiftUpdateCheck = 1630;
				LastUpgradeCheck = 1630;
				TargetAttributes = {
					5151B8372DD1744C00E7A7E3 = {
						CreatedOnToolsVersion = 16.3;
					};
					5151B8492DD1744F00E7A7E3 = {
						CreatedOnToolsVersion = 16.3;
						TestTargetID = 5151B8372DD1744C00E7A7E3;
					};
					5151B8532DD1744F00E7A7E3 = {
						CreatedOnToolsVersion = 16.3;
						TestTargetID = 5151B8372DD1744C00E7A7E3;
					};
				};
			};
			buildConfigurationList = 5151B8332DD1744C00E7A7E3 /* Build configuration list for PBXProject "ChapteRED" */;
			developmentRegion = en;
			hasScannedForEncodings = 0;
			knownRegions = (
				en,
				Base,
			);
			mainGroup = 5151B82F2DD1744C00E7A7E3;
			minimizedProjectReferenceProxies = 1;
			packageReferences = (
				5151B8672DD179F600E7A7E3 /* XCRemoteSwiftPackageReference "firebase-ios-sdk" */,
			);
			preferredProjectObjectVersion = 77;
			productRefGroup = 5151B8392DD1744C00E7A7E3 /* Products */;
			projectDirPath = "";
			projectRoot = "";
			targets = (
				5151B8372DD1744C00E7A7E3 /* ChapteRED */,
				5151B8492DD1744F00E7A7E3 /* ChapteREDTests */,
				5151B8532DD1744F00E7A7E3 /* ChapteREDUITests */,
			);
		};
/* End PBXProject section */

/* Begin PBXResourcesBuildPhase section */
		5151B8362DD1744C00E7A7E3 /* Resources */ = {
			isa = PBXResourcesBuildPhase;
			buildActionMask = 2147483647;
			files = (
			);
			runOnlyForDeploymentPostprocessing = 0;
		};
		5151B8482DD1744F00E7A7E3 /* Resources */ = {
			isa = PBXResourcesBuildPhase;
			buildActionMask = 2147483647;
			files = (
			);
			runOnlyForDeploymentPostprocessing = 0;
		};
		5151B8522DD1744F00E7A7E3 /* Resources */ = {
			isa = PBXResourcesBuildPhase;
			buildActionMask = 2147483647;
			files = (
			);
			runOnlyForDeploymentPostprocessing = 0;
		};
/* End PBXResourcesBuildPhase section */

/* Begin PBXSourcesBuildPhase section */
		5151B8342DD1744C00E7A7E3 /* Sources */ = {
			isa = PBXSourcesBuildPhase;
			buildActionMask = 2147483647;
			files = (
			);
			runOnlyForDeploymentPostprocessing = 0;
		};
		5151B8462DD1744F00E7A7E3 /* Sources */ = {
			isa = PBXSourcesBuildPhase;
			buildActionMask = 2147483647;
			files = (
			);
			runOnlyForDeploymentPostprocessing = 0;
		};
		5151B8502DD1744F00E7A7E3 /* Sources */ = {
			isa = PBXSourcesBuildPhase;
			buildActionMask = 2147483647;
			files = (
			);
			runOnlyForDeploymentPostprocessing = 0;
		};
/* End PBXSourcesBuildPhase section */

/* Begin PBXTargetDependency section */
		5151B84C2DD1744F00E7A7E3 /* PBXTargetDependency */ = {
			isa = PBXTargetDependency;
			target = 5151B8372DD1744C00E7A7E3 /* ChapteRED */;
			targetProxy = 5151B84B2DD1744F00E7A7E3 /* PBXContainerItemProxy */;
		};
		5151B8562DD1744F00E7A7E3 /* PBXTargetDependency */ = {
			isa = PBXTargetDependency;
			target = 5151B8372DD1744C00E7A7E3 /* ChapteRED */;
			targetProxy = 5151B8552DD1744F00E7A7E3 /* PBXContainerItemProxy */;
		};
/* End PBXTargetDependency section */

/* Begin XCBuildConfiguration section */
		5151B85C2DD1744F00E7A7E3 /* Debug */ = {
			isa = XCBuildConfiguration;
			buildSettings = {
				ALWAYS_SEARCH_USER_PATHS = NO;
				ASSETCATALOG_COMPILER_GENERATE_SWIFT_ASSET_SYMBOL_EXTENSIONS = YES;
				CLANG_ANALYZER_NONNULL = YES;
				CLANG_ANALYZER_NUMBER_OBJECT_CONVERSION = YES_AGGRESSIVE;
				CLANG_CXX_LANGUAGE_STANDARD = "gnu++20";
				CLANG_ENABLE_MODULES = YES;
				CLANG_ENABLE_OBJC_ARC = YES;
				CLANG_ENABLE_OBJC_WEAK = YES;
				CLANG_WARN_BLOCK_CAPTURE_AUTORELEASING = YES;
				CLANG_WARN_BOOL_CONVERSION = YES;
				CLANG_WARN_COMMA = YES;
				CLANG_WARN_CONSTANT_CONVERSION = YES;
				CLANG_WARN_DEPRECATED_OBJC_IMPLEMENTATIONS = YES;
				CLANG_WARN_DIRECT_OBJC_ISA_USAGE = YES_ERROR;
				CLANG_WARN_DOCUMENTATION_COMMENTS = YES;
				CLANG_WARN_EMPTY_BODY = YES;
				CLANG_WARN_ENUM_CONVERSION = YES;
				CLANG_WARN_INFINITE_RECURSION = YES;
				CLANG_WARN_INT_CONVERSION = YES;
				CLANG_WARN_NON_LITERAL_NULL_CONVERSION = YES;
				CLANG_WARN_OBJC_IMPLICIT_RETAIN_SELF = YES;
				CLANG_WARN_OBJC_LITERAL_CONVERSION = YES;
				CLANG_WARN_OBJC_ROOT_CLASS = YES_ERROR;
				CLANG_WARN_QUOTED_INCLUDE_IN_FRAMEWORK_HEADER = YES;
				CLANG_WARN_RANGE_LOOP_ANALYSIS = YES;
				CLANG_WARN_STRICT_PROTOTYPES = YES;
				CLANG_WARN_SUSPICIOUS_MOVE = YES;
				CLANG_WARN_UNGUARDED_AVAILABILITY = YES_AGGRESSIVE;
				CLANG_WARN_UNREACHABLE_CODE = YES;
				CLANG_WARN__DUPLICATE_METHOD_MATCH = YES;
				COPY_PHASE_STRIP = NO;
				DEBUG_INFORMATION_FORMAT = dwarf;
				DEVELOPMENT_TEAM = XNP7DG99BF;
				ENABLE_STRICT_OBJC_MSGSEND = YES;
				ENABLE_TESTABILITY = YES;
				ENABLE_USER_SCRIPT_SANDBOXING = YES;
				GCC_C_LANGUAGE_STANDARD = gnu17;
				GCC_DYNAMIC_NO_PIC = NO;
				GCC_NO_COMMON_BLOCKS = YES;
				GCC_OPTIMIZATION_LEVEL = 0;
				GCC_PREPROCESSOR_DEFINITIONS = (
					"DEBUG=1",
					"$(inherited)",
				);
				GCC_WARN_64_TO_32_BIT_CONVERSION = YES;
				GCC_WARN_ABOUT_RETURN_TYPE = YES_ERROR;
				GCC_WARN_UNDECLARED_SELECTOR = YES;
				GCC_WARN_UNINITIALIZED_AUTOS = YES_AGGRESSIVE;
				GCC_WARN_UNUSED_FUNCTION = YES;
				GCC_WARN_UNUSED_VARIABLE = YES;
				IPHONEOS_DEPLOYMENT_TARGET = 18.4;
				LOCALIZATION_PREFERS_STRING_CATALOGS = YES;
				MTL_ENABLE_DEBUG_INFO = INCLUDE_SOURCE;
				MTL_FAST_MATH = YES;
				ONLY_ACTIVE_ARCH = YES;
				SDKROOT = iphoneos;
				SWIFT_ACTIVE_COMPILATION_CONDITIONS = "DEBUG $(inherited)";
				SWIFT_OPTIMIZATION_LEVEL = "-Onone";
			};
			name = Debug;
		};
		5151B85D2DD1744F00E7A7E3 /* Release */ = {
			isa = XCBuildConfiguration;
			buildSettings = {
				ALWAYS_SEARCH_USER_PATHS = NO;
				ASSETCATALOG_COMPILER_GENERATE_SWIFT_ASSET_SYMBOL_EXTENSIONS = YES;
				CLANG_ANALYZER_NONNULL = YES;
				CLANG_ANALYZER_NUMBER_OBJECT_CONVERSION = YES_AGGRESSIVE;
				CLANG_CXX_LANGUAGE_STANDARD = "gnu++20";
				CLANG_ENABLE_MODULES = YES;
				CLANG_ENABLE_OBJC_ARC = YES;
				CLANG_ENABLE_OBJC_WEAK = YES;
				CLANG_WARN_BLOCK_CAPTURE_AUTORELEASING = YES;
				CLANG_WARN_BOOL_CONVERSION = YES;
				CLANG_WARN_COMMA = YES;
				CLANG_WARN_CONSTANT_CONVERSION = YES;
				CLANG_WARN_DEPRECATED_OBJC_IMPLEMENTATIONS = YES;
				CLANG_WARN_DIRECT_OBJC_ISA_USAGE = YES_ERROR;
				CLANG_WARN_DOCUMENTATION_COMMENTS = YES;
				CLANG_WARN_EMPTY_BODY = YES;
				CLANG_WARN_ENUM_CONVERSION = YES;
				CLANG_WARN_INFINITE_RECURSION = YES;
				CLANG_WARN_INT_CONVERSION = YES;
				CLANG_WARN_NON_LITERAL_NULL_CONVERSION = YES;
				CLANG_WARN_OBJC_IMPLICIT_RETAIN_SELF = YES;
				CLANG_WARN_OBJC_LITERAL_CONVERSION = YES;
				CLANG_WARN_OBJC_ROOT_CLASS = YES_ERROR;
				CLANG_WARN_QUOTED_INCLUDE_IN_FRAMEWORK_HEADER = YES;
				CLANG_WARN_RANGE_LOOP_ANALYSIS = YES;
				CLANG_WARN_STRICT_PROTOTYPES = YES;
				CLANG_WARN_SUSPICIOUS_MOVE = YES;
				CLANG_WARN_UNGUARDED_AVAILABILITY = YES_AGGRESSIVE;
				CLANG_WARN_UNREACHABLE_CODE = YES;
				CLANG_WARN__DUPLICATE_METHOD_MATCH = YES;
				COPY_PHASE_STRIP = NO;
				DEBUG_INFORMATION_FORMAT = "dwarf-with-dsym";
				DEVELOPMENT_TEAM = XNP7DG99BF;
				ENABLE_NS_ASSERTIONS = NO;
				ENABLE_STRICT_OBJC_MSGSEND = YES;
				ENABLE_USER_SCRIPT_SANDBOXING = YES;
				GCC_C_LANGUAGE_STANDARD = gnu17;
				GCC_NO_COMMON_BLOCKS = YES;
				GCC_WARN_64_TO_32_BIT_CONVERSION = YES;
				GCC_WARN_ABOUT_RETURN_TYPE = YES_ERROR;
				GCC_WARN_UNDECLARED_SELECTOR = YES;
				GCC_WARN_UNINITIALIZED_AUTOS = YES_AGGRESSIVE;
				GCC_WARN_UNUSED_FUNCTION = YES;
				GCC_WARN_UNUSED_VARIABLE = YES;
				IPHONEOS_DEPLOYMENT_TARGET = 18.4;
				LOCALIZATION_PREFERS_STRING_CATALOGS = YES;
				MTL_ENABLE_DEBUG_INFO = NO;
				MTL_FAST_MATH = YES;
				SDKROOT = iphoneos;
				SWIFT_COMPILATION_MODE = wholemodule;
				VALIDATE_PRODUCT = YES;
			};
			name = Release;
		};
		5151B85F2DD1744F00E7A7E3 /* Debug */ = {
			isa = XCBuildConfiguration;
			buildSettings = {
				ASSETCATALOG_COMPILER_APPICON_NAME = AppIcon;
				ASSETCATALOG_COMPILER_GLOBAL_ACCENT_COLOR_NAME = AccentColor;
				CODE_SIGN_STYLE = Automatic;
				CURRENT_PROJECT_VERSION = 1;
				DEVELOPMENT_TEAM = XNP7DG99BF;
				ENABLE_PREVIEWS = YES;
				GENERATE_INFOPLIST_FILE = YES;
				INFOPLIST_KEY_UIApplicationSceneManifest_Generation = NO;
				INFOPLIST_KEY_UIApplicationSupportsIndirectInputEvents = YES;
				INFOPLIST_KEY_UILaunchScreen_Generation = NO;
				INFOPLIST_KEY_UISupportedInterfaceOrientations_iPad = "UIInterfaceOrientationPortrait UIInterfaceOrientationPortraitUpsideDown UIInterfaceOrientationLandscapeLeft UIInterfaceOrientationLandscapeRight";
				INFOPLIST_KEY_UISupportedInterfaceOrientations_iPhone = "UIInterfaceOrientationPortrait UIInterfaceOrientationLandscapeLeft UIInterfaceOrientationLandscapeRight";
				LD_RUNPATH_SEARCH_PATHS = (
					"$(inherited)",
					"@executable_path/Frameworks",
				);
				MARKETING_VERSION = 1.0;
				PRODUCT_BUNDLE_IDENTIFIER = "Odasaku-Khan.ChapteRED";
				PRODUCT_NAME = "$(TARGET_NAME)";
				SWIFT_EMIT_LOC_STRINGS = YES;
				SWIFT_VERSION = 5.0;
				TARGETED_DEVICE_FAMILY = "1,2";
			};
			name = Debug;
		};
		5151B8602DD1744F00E7A7E3 /* Release */ = {
			isa = XCBuildConfiguration;
			buildSettings = {
				ASSETCATALOG_COMPILER_APPICON_NAME = AppIcon;
				ASSETCATALOG_COMPILER_GLOBAL_ACCENT_COLOR_NAME = AccentColor;
				CODE_SIGN_STYLE = Automatic;
				CURRENT_PROJECT_VERSION = 1;
				DEVELOPMENT_TEAM = XNP7DG99BF;
				ENABLE_PREVIEWS = YES;
				GENERATE_INFOPLIST_FILE = YES;
				INFOPLIST_KEY_UIApplicationSceneManifest_Generation = NO;
				INFOPLIST_KEY_UIApplicationSupportsIndirectInputEvents = YES;
				INFOPLIST_KEY_UILaunchScreen_Generation = NO;
				INFOPLIST_KEY_UISupportedInterfaceOrientations_iPad = "UIInterfaceOrientationPortrait UIInterfaceOrientationPortraitUpsideDown UIInterfaceOrientationLandscapeLeft UIInterfaceOrientationLandscapeRight";
				INFOPLIST_KEY_UISupportedInterfaceOrientations_iPhone = "UIInterfaceOrientationPortrait UIInterfaceOrientationLandscapeLeft UIInterfaceOrientationLandscapeRight";
				LD_RUNPATH_SEARCH_PATHS = (
					"$(inherited)",
					"@executable_path/Frameworks",
				);
				MARKETING_VERSION = 1.0;
				PRODUCT_BUNDLE_IDENTIFIER = "Odasaku-Khan.ChapteRED";
				PRODUCT_NAME = "$(TARGET_NAME)";
				SWIFT_EMIT_LOC_STRINGS = YES;
				SWIFT_VERSION = 5.0;
				TARGETED_DEVICE_FAMILY = "1,2";
			};
			name = Release;
		};
		5151B8622DD1744F00E7A7E3 /* Debug */ = {
			isa = XCBuildConfiguration;
			buildSettings = {
				BUNDLE_LOADER = "$(TEST_HOST)";
				CODE_SIGN_STYLE = Automatic;
				CURRENT_PROJECT_VERSION = 1;
				DEVELOPMENT_TEAM = XNP7DG99BF;
				GENERATE_INFOPLIST_FILE = YES;
				IPHONEOS_DEPLOYMENT_TARGET = 18.4;
				MARKETING_VERSION = 1.0;
				PRODUCT_BUNDLE_IDENTIFIER = "Odasaku-Khan.ChapteREDTests";
				PRODUCT_NAME = "$(TARGET_NAME)";
				SWIFT_EMIT_LOC_STRINGS = NO;
				SWIFT_VERSION = 5.0;
				TARGETED_DEVICE_FAMILY = "1,2";
				TEST_HOST = "$(BUILT_PRODUCTS_DIR)/ChapteRED.app/$(BUNDLE_EXECUTABLE_FOLDER_PATH)/ChapteRED";
			};
			name = Debug;
		};
		5151B8632DD1744F00E7A7E3 /* Release */ = {
			isa = XCBuildConfiguration;
			buildSettings = {
				BUNDLE_LOADER = "$(TEST_HOST)";
				CODE_SIGN_STYLE = Automatic;
				CURRENT_PROJECT_VERSION = 1;
				DEVELOPMENT_TEAM = XNP7DG99BF;
				GENERATE_INFOPLIST_FILE = YES;
				IPHONEOS_DEPLOYMENT_TARGET = 18.4;
				MARKETING_VERSION = 1.0;
				PRODUCT_BUNDLE_IDENTIFIER = "Odasaku-Khan.ChapteREDTests";
				PRODUCT_NAME = "$(TARGET_NAME)";
				SWIFT_EMIT_LOC_STRINGS = NO;
				SWIFT_VERSION = 5.0;
				TARGETED_DEVICE_FAMILY = "1,2";
				TEST_HOST = "$(BUILT_PRODUCTS_DIR)/ChapteRED.app/$(BUNDLE_EXECUTABLE_FOLDER_PATH)/ChapteRED";
			};
			name = Release;
		};
		5151B8652DD1744F00E7A7E3 /* Debug */ = {
			isa = XCBuildConfiguration;
			buildSettings = {
				CODE_SIGN_STYLE = Automatic;
				CURRENT_PROJECT_VERSION = 1;
				DEVELOPMENT_TEAM = XNP7DG99BF;
				GENERATE_INFOPLIST_FILE = YES;
				MARKETING_VERSION = 1.0;
				PRODUCT_BUNDLE_IDENTIFIER = "Odasaku-Khan.ChapteREDUITests";
				PRODUCT_NAME = "$(TARGET_NAME)";
				SWIFT_EMIT_LOC_STRINGS = NO;
				SWIFT_VERSION = 5.0;
				TARGETED_DEVICE_FAMILY = "1,2";
				TEST_TARGET_NAME = ChapteRED;
			};
			name = Debug;
		};
		5151B8662DD1744F00E7A7E3 /* Release */ = {
			isa = XCBuildConfiguration;
			buildSettings = {
				CODE_SIGN_STYLE = Automatic;
				CURRENT_PROJECT_VERSION = 1;
				DEVELOPMENT_TEAM = XNP7DG99BF;
				GENERATE_INFOPLIST_FILE = YES;
				MARKETING_VERSION = 1.0;
				PRODUCT_BUNDLE_IDENTIFIER = "Odasaku-Khan.ChapteREDUITests";
				PRODUCT_NAME = "$(TARGET_NAME)";
				SWIFT_EMIT_LOC_STRINGS = NO;
				SWIFT_VERSION = 5.0;
				TARGETED_DEVICE_FAMILY = "1,2";
				TEST_TARGET_NAME = ChapteRED;
			};
			name = Release;
		};
/* End XCBuildConfiguration section */

/* Begin XCConfigurationList section */
		5151B8332DD1744C00E7A7E3 /* Build configuration list for PBXProject "ChapteRED" */ = {
			isa = XCConfigurationList;
			buildConfigurations = (
				5151B85C2DD1744F00E7A7E3 /* Debug */,
				5151B85D2DD1744F00E7A7E3 /* Release */,
			);
			defaultConfigurationIsVisible = 0;
			defaultConfigurationName = Release;
		};
		5151B85E2DD1744F00E7A7E3 /* Build configuration list for PBXNativeTarget "ChapteRED" */ = {
			isa = XCConfigurationList;
			buildConfigurations = (
				5151B85F2DD1744F00E7A7E3 /* Debug */,
				5151B8602DD1744F00E7A7E3 /* Release */,
			);
			defaultConfigurationIsVisible = 0;
			defaultConfigurationName = Release;
		};
		5151B8612DD1744F00E7A7E3 /* Build configuration list for PBXNativeTarget "ChapteREDTests" */ = {
			isa = XCConfigurationList;
			buildConfigurations = (
				5151B8622DD1744F00E7A7E3 /* Debug */,
				5151B8632DD1744F00E7A7E3 /* Release */,
			);
			defaultConfigurationIsVisible = 0;
			defaultConfigurationName = Release;
		};
		5151B8642DD1744F00E7A7E3 /* Build configuration list for PBXNativeTarget "ChapteREDUITests" */ = {
			isa = XCConfigurationList;
			buildConfigurations = (
				5151B8652DD1744F00E7A7E3 /* Debug */,
				5151B8662DD1744F00E7A7E3 /* Release */,
			);
			defaultConfigurationIsVisible = 0;
			defaultConfigurationName = Release;
		};
/* End XCConfigurationList section */

/* Begin XCRemoteSwiftPackageReference section */
		5151B8672DD179F600E7A7E3 /* XCRemoteSwiftPackageReference "firebase-ios-sdk" */ = {
			isa = XCRemoteSwiftPackageReference;
			repositoryURL = "https://github.com/firebase/firebase-ios-sdk.git";
			requirement = {
				kind = upToNextMajorVersion;
				minimumVersion = 11.12.0;
			};
		};
/* End XCRemoteSwiftPackageReference section */

/* Begin XCSwiftPackageProductDependency section */
		5151B8682DD179F600E7A7E3 /* FirebaseAuth */ = {
			isa = XCSwiftPackageProductDependency;
			package = 5151B8672DD179F600E7A7E3 /* XCRemoteSwiftPackageReference "firebase-ios-sdk" */;
			productName = FirebaseAuth;
		};
		5151B86A2DD179F600E7A7E3 /* FirebaseCore */ = {
			isa = XCSwiftPackageProductDependency;
			package = 5151B8672DD179F600E7A7E3 /* XCRemoteSwiftPackageReference "firebase-ios-sdk" */;
			productName = FirebaseCore;
		};
/* End XCSwiftPackageProductDependency section */
	};
	rootObject = 5151B8302DD1744C00E7A7E3 /* Project object */;
}
