// !$*UTF8*$!
{
	archiveVersion = 1;
	classes = {
	};
	objectVersion = 77;
	objects = {

/* Begin PBXContainerItemProxy section */
		51945C982DC285DE006D9F78 /* PBXContainerItemProxy */ = {
			isa = PBXContainerItemProxy;
			containerPortal = 51945C822DC285DC006D9F78 /* Project object */;
			proxyType = 1;
			remoteGlobalIDString = 51945C892DC285DC006D9F78;
			remoteInfo = AudioBookApp;
		};
		51945CA22DC285DE006D9F78 /* PBXContainerItemProxy */ = {
			isa = PBXContainerItemProxy;
			containerPortal = 51945C822DC285DC006D9F78 /* Project object */;
			proxyType = 1;
			remoteGlobalIDString = 51945C892DC285DC006D9F78;
			remoteInfo = AudioBookApp;
		};
/* End PBXContainerItemProxy section */

/* Begin PBXFileReference section */
		51945C8A2DC285DC006D9F78 /* AudioBookApp.app */ = {isa = PBXFileReference; explicitFileType = wrapper.application; includeInIndex = 0; path = AudioBookApp.app; sourceTree = BUILT_PRODUCTS_DIR; };
		51945C972DC285DE006D9F78 /* AudioBookAppTests.xctest */ = {isa = PBXFileReference; explicitFileType = wrapper.cfbundle; includeInIndex = 0; path = AudioBookAppTests.xctest; sourceTree = BUILT_PRODUCTS_DIR; };
		51945CA12DC285DE006D9F78 /* AudioBookAppUITests.xctest */ = {isa = PBXFileReference; explicitFileType = wrapper.cfbundle; includeInIndex = 0; path = AudioBookAppUITests.xctest; sourceTree = BUILT_PRODUCTS_DIR; };
/* End PBXFileReference section */

/* Begin PBXFileSystemSynchronizedBuildFileExceptionSet section */
		5151B7BF2DD0FA0200E7A7E3 /* Exceptions for "AudioBookApp" folder in "AudioBookApp" target */ = {
			isa = PBXFileSystemSynchronizedBuildFileExceptionSet;
			membershipExceptions = (
				Info.plist,
				Services/AppDelegate.swift,
			);
			target = 51945C892DC285DC006D9F78 /* AudioBookApp */;
		};
/* End PBXFileSystemSynchronizedBuildFileExceptionSet section */

/* Begin PBXFileSystemSynchronizedRootGroup section */
		5151B79A2DCFD13B00E7A7E3 /* AudioBookApp */ = {
			isa = PBXFileSystemSynchronizedRootGroup;
			exceptions = (
				5151B7BF2DD0FA0200E7A7E3 /* Exceptions for "AudioBookApp" folder in "AudioBookApp" target */,
			);
			path = AudioBookApp;
			sourceTree = "<group>";
		};
		51945C9A2DC285DE006D9F78 /* AudioBookAppTests */ = {
			isa = PBXFileSystemSynchronizedRootGroup;
			path = AudioBookAppTests;
			sourceTree = "<group>";
		};
		51945CA42DC285DE006D9F78 /* AudioBookAppUITests */ = {
			isa = PBXFileSystemSynchronizedRootGroup;
			path = AudioBookAppUITests;
			sourceTree = "<group>";
		};
/* End PBXFileSystemSynchronizedRootGroup section */

/* Begin PBXFrameworksBuildPhase section */
		51945C872DC285DC006D9F78 /* Frameworks */ = {
			isa = PBXFrameworksBuildPhase;
			buildActionMask = 2147483647;
			files = (
			);
			runOnlyForDeploymentPostprocessing = 0;
		};
		51945C942DC285DE006D9F78 /* Frameworks */ = {
			isa = PBXFrameworksBuildPhase;
			buildActionMask = 2147483647;
			files = (
			);
			runOnlyForDeploymentPostprocessing = 0;
		};
		51945C9E2DC285DE006D9F78 /* Frameworks */ = {
			isa = PBXFrameworksBuildPhase;
			buildActionMask = 2147483647;
			files = (
			);
			runOnlyForDeploymentPostprocessing = 0;
		};
/* End PBXFrameworksBuildPhase section */

/* Begin PBXGroup section */
		51945C812DC285DC006D9F78 = {
			isa = PBXGroup;
			children = (
				5151B79A2DCFD13B00E7A7E3 /* AudioBookApp */,
				51945C9A2DC285DE006D9F78 /* AudioBookAppTests */,
				51945CA42DC285DE006D9F78 /* AudioBookAppUITests */,
				51945C8B2DC285DC006D9F78 /* Products */,
			);
			sourceTree = "<group>";
		};
		51945C8B2DC285DC006D9F78 /* Products */ = {
			isa = PBXGroup;
			children = (
				51945C8A2DC285DC006D9F78 /* AudioBookApp.app */,
				51945C972DC285DE006D9F78 /* AudioBookAppTests.xctest */,
				51945CA12DC285DE006D9F78 /* AudioBookAppUITests.xctest */,
			);
			name = Products;
			sourceTree = "<group>";
		};
/* End PBXGroup section */

/* Begin PBXNativeTarget section */
		51945C892DC285DC006D9F78 /* AudioBookApp */ = {
			isa = PBXNativeTarget;
			buildConfigurationList = 51945CAB2DC285DE006D9F78 /* Build configuration list for PBXNativeTarget "AudioBookApp" */;
			buildPhases = (
				51945C862DC285DC006D9F78 /* Sources */,
				51945C872DC285DC006D9F78 /* Frameworks */,
				51945C882DC285DC006D9F78 /* Resources */,
			);
			buildRules = (
			);
			dependencies = (
			);
			fileSystemSynchronizedGroups = (
				5151B79A2DCFD13B00E7A7E3 /* AudioBookApp */,
			);
			name = AudioBookApp;
			packageProductDependencies = (
			);
			productName = AudioBookApp;
			productReference = 51945C8A2DC285DC006D9F78 /* AudioBookApp.app */;
			productType = "com.apple.product-type.application";
		};
		51945C962DC285DE006D9F78 /* AudioBookAppTests */ = {
			isa = PBXNativeTarget;
			buildConfigurationList = 51945CAE2DC285DE006D9F78 /* Build configuration list for PBXNativeTarget "AudioBookAppTests" */;
			buildPhases = (
				51945C932DC285DE006D9F78 /* Sources */,
				51945C942DC285DE006D9F78 /* Frameworks */,
				51945C952DC285DE006D9F78 /* Resources */,
			);
			buildRules = (
			);
			dependencies = (
				51945C992DC285DE006D9F78 /* PBXTargetDependency */,
			);
			fileSystemSynchronizedGroups = (
				51945C9A2DC285DE006D9F78 /* AudioBookAppTests */,
			);
			name = AudioBookAppTests;
			packageProductDependencies = (
			);
			productName = AudioBookAppTests;
			productReference = 51945C972DC285DE006D9F78 /* AudioBookAppTests.xctest */;
			productType = "com.apple.product-type.bundle.unit-test";
		};
		51945CA02DC285DE006D9F78 /* AudioBookAppUITests */ = {
			isa = PBXNativeTarget;
			buildConfigurationList = 51945CB12DC285DE006D9F78 /* Build configuration list for PBXNativeTarget "AudioBookAppUITests" */;
			buildPhases = (
				51945C9D2DC285DE006D9F78 /* Sources */,
				51945C9E2DC285DE006D9F78 /* Frameworks */,
				51945C9F2DC285DE006D9F78 /* Resources */,
			);
			buildRules = (
			);
			dependencies = (
				51945CA32DC285DE006D9F78 /* PBXTargetDependency */,
			);
			fileSystemSynchronizedGroups = (
				51945CA42DC285DE006D9F78 /* AudioBookAppUITests */,
			);
			name = AudioBookAppUITests;
			packageProductDependencies = (
			);
			productName = AudioBookAppUITests;
			productReference = 51945CA12DC285DE006D9F78 /* AudioBookAppUITests.xctest */;
			productType = "com.apple.product-type.bundle.ui-testing";
		};
/* End PBXNativeTarget section */

/* Begin PBXProject section */
		51945C822DC285DC006D9F78 /* Project object */ = {
			isa = PBXProject;
			attributes = {
				BuildIndependentTargetsInParallel = 1;
				LastSwiftUpdateCheck = 1630;
				LastUpgradeCheck = 1630;
				TargetAttributes = {
					51945C892DC285DC006D9F78 = {
						CreatedOnToolsVersion = 16.3;
					};
					51945C962DC285DE006D9F78 = {
						CreatedOnToolsVersion = 16.3;
						TestTargetID = 51945C892DC285DC006D9F78;
					};
					51945CA02DC285DE006D9F78 = {
						CreatedOnToolsVersion = 16.3;
						TestTargetID = 51945C892DC285DC006D9F78;
					};
				};
			};
			buildConfigurationList = 51945C852DC285DC006D9F78 /* Build configuration list for PBXProject "AudioBookApp" */;
			developmentRegion = en;
			hasScannedForEncodings = 0;
			knownRegions = (
				en,
				Base,
			);
			mainGroup = 51945C812DC285DC006D9F78;
			minimizedProjectReferenceProxies = 1;
			preferredProjectObjectVersion = 77;
			productRefGroup = 51945C8B2DC285DC006D9F78 /* Products */;
			projectDirPath = "";
			projectRoot = "";
			targets = (
				51945C892DC285DC006D9F78 /* AudioBookApp */,
				51945C962DC285DE006D9F78 /* AudioBookAppTests */,
				51945CA02DC285DE006D9F78 /* AudioBookAppUITests */,
			);
		};
/* End PBXProject section */

/* Begin PBXResourcesBuildPhase section */
		51945C882DC285DC006D9F78 /* Resources */ = {
			isa = PBXResourcesBuildPhase;
			buildActionMask = 2147483647;
			files = (
			);
			runOnlyForDeploymentPostprocessing = 0;
		};
		51945C952DC285DE006D9F78 /* Resources */ = {
			isa = PBXResourcesBuildPhase;
			buildActionMask = 2147483647;
			files = (
			);
			runOnlyForDeploymentPostprocessing = 0;
		};
		51945C9F2DC285DE006D9F78 /* Resources */ = {
			isa = PBXResourcesBuildPhase;
			buildActionMask = 2147483647;
			files = (
			);
			runOnlyForDeploymentPostprocessing = 0;
		};
/* End PBXResourcesBuildPhase section */

/* Begin PBXSourcesBuildPhase section */
		51945C862DC285DC006D9F78 /* Sources */ = {
			isa = PBXSourcesBuildPhase;
			buildActionMask = 2147483647;
			files = (
			);
			runOnlyForDeploymentPostprocessing = 0;
		};
		51945C932DC285DE006D9F78 /* Sources */ = {
			isa = PBXSourcesBuildPhase;
			buildActionMask = 2147483647;
			files = (
			);
			runOnlyForDeploymentPostprocessing = 0;
		};
		51945C9D2DC285DE006D9F78 /* Sources */ = {
			isa = PBXSourcesBuildPhase;
			buildActionMask = 2147483647;
			files = (
			);
			runOnlyForDeploymentPostprocessing = 0;
		};
/* End PBXSourcesBuildPhase section */

/* Begin PBXTargetDependency section */
		51945C992DC285DE006D9F78 /* PBXTargetDependency */ = {
			isa = PBXTargetDependency;
			target = 51945C892DC285DC006D9F78 /* AudioBookApp */;
			targetProxy = 51945C982DC285DE006D9F78 /* PBXContainerItemProxy */;
		};
		51945CA32DC285DE006D9F78 /* PBXTargetDependency */ = {
			isa = PBXTargetDependency;
			target = 51945C892DC285DC006D9F78 /* AudioBookApp */;
			targetProxy = 51945CA22DC285DE006D9F78 /* PBXContainerItemProxy */;
		};
/* End PBXTargetDependency section */

/* Begin XCBuildConfiguration section */
		51945CA92DC285DE006D9F78 /* Debug */ = {
			isa = XCBuildConfiguration;
			buildSettings = {
				ALWAYS_SEARCH_USER_PATHS = NO;
				ASSETCATALOG_COMPILER_GENERATE_SWIFT_ASSET_SYMBOL_EXTENSIONS = YES;
				CLANG_ANALYZER_NONNULL = YES;
				CLANG_ANALYZER_NUMBER_OBJECT_CONVERSION = YES_AGGRESSIVE;
				CLANG_CXX_LANGUAGE_STANDARD = "gnu++20";
				CLANG_ENABLE_MODULES = YES;
				CLANG_ENABLE_OBJC_ARC = YES;
				CLANG_ENABLE_OBJC_WEAK = YES;
				CLANG_WARN_BLOCK_CAPTURE_AUTORELEASING = YES;
				CLANG_WARN_BOOL_CONVERSION = YES;
				CLANG_WARN_COMMA = YES;
				CLANG_WARN_CONSTANT_CONVERSION = YES;
				CLANG_WARN_DEPRECATED_OBJC_IMPLEMENTATIONS = YES;
				CLANG_WARN_DIRECT_OBJC_ISA_USAGE = YES_ERROR;
				CLANG_WARN_DOCUMENTATION_COMMENTS = YES;
				CLANG_WARN_EMPTY_BODY = YES;
				CLANG_WARN_ENUM_CONVERSION = YES;
				CLANG_WARN_INFINITE_RECURSION = YES;
				CLANG_WARN_INT_CONVERSION = YES;
				CLANG_WARN_NON_LITERAL_NULL_CONVERSION = YES;
				CLANG_WARN_OBJC_IMPLICIT_RETAIN_SELF = YES;
				CLANG_WARN_OBJC_LITERAL_CONVERSION = YES;
				CLANG_WARN_OBJC_ROOT_CLASS = YES_ERROR;
				CLANG_WARN_QUOTED_INCLUDE_IN_FRAMEWORK_HEADER = YES;
				CLANG_WARN_RANGE_LOOP_ANALYSIS = YES;
				CLANG_WARN_STRICT_PROTOTYPES = YES;
				CLANG_WARN_SUSPICIOUS_MOVE = YES;
				CLANG_WARN_UNGUARDED_AVAILABILITY = YES_AGGRESSIVE;
				CLANG_WARN_UNREACHABLE_CODE = YES;
				CLANG_WARN__DUPLICATE_METHOD_MATCH = YES;
				COPY_PHASE_STRIP = NO;
				DEBUG_INFORMATION_FORMAT = dwarf;
				DEVELOPMENT_TEAM = XNP7DG99BF;
				ENABLE_STRICT_OBJC_MSGSEND = YES;
				ENABLE_TESTABILITY = YES;
				ENABLE_USER_SCRIPT_SANDBOXING = YES;
				GCC_C_LANGUAGE_STANDARD = gnu17;
				GCC_DYNAMIC_NO_PIC = NO;
				GCC_NO_COMMON_BLOCKS = YES;
				GCC_OPTIMIZATION_LEVEL = 0;
				GCC_PREPROCESSOR_DEFINITIONS = (
					"DEBUG=1",
					"$(inherited)",
				);
				GCC_WARN_64_TO_32_BIT_CONVERSION = YES;
				GCC_WARN_ABOUT_RETURN_TYPE = YES_ERROR;
				GCC_WARN_UNDECLARED_SELECTOR = YES;
				GCC_WARN_UNINITIALIZED_AUTOS = YES_AGGRESSIVE;
				GCC_WARN_UNUSED_FUNCTION = YES;
				GCC_WARN_UNUSED_VARIABLE = YES;
				IPHONEOS_DEPLOYMENT_TARGET = 18.4;
				LOCALIZATION_PREFERS_STRING_CATALOGS = YES;
				MTL_ENABLE_DEBUG_INFO = INCLUDE_SOURCE;
				MTL_FAST_MATH = YES;
				ONLY_ACTIVE_ARCH = YES;
				SDKROOT = iphoneos;
				SWIFT_ACTIVE_COMPILATION_CONDITIONS = "DEBUG $(inherited)";
				SWIFT_OPTIMIZATION_LEVEL = "-Onone";
			};
			name = Debug;
		};
		51945CAA2DC285DE006D9F78 /* Release */ = {
			isa = XCBuildConfiguration;
			buildSettings = {
				ALWAYS_SEARCH_USER_PATHS = NO;
				ASSETCATALOG_COMPILER_GENERATE_SWIFT_ASSET_SYMBOL_EXTENSIONS = YES;
				CLANG_ANALYZER_NONNULL = YES;
				CLANG_ANALYZER_NUMBER_OBJECT_CONVERSION = YES_AGGRESSIVE;
				CLANG_CXX_LANGUAGE_STANDARD = "gnu++20";
				CLANG_ENABLE_MODULES = YES;
				CLANG_ENABLE_OBJC_ARC = YES;
				CLANG_ENABLE_OBJC_WEAK = YES;
				CLANG_WARN_BLOCK_CAPTURE_AUTORELEASING = YES;
				CLANG_WARN_BOOL_CONVERSION = YES;
				CLANG_WARN_COMMA = YES;
				CLANG_WARN_CONSTANT_CONVERSION = YES;
				CLANG_WARN_DEPRECATED_OBJC_IMPLEMENTATIONS = YES;
				CLANG_WARN_DIRECT_OBJC_ISA_USAGE = YES_ERROR;
				CLANG_WARN_DOCUMENTATION_COMMENTS = YES;
				CLANG_WARN_EMPTY_BODY = YES;
				CLANG_WARN_ENUM_CONVERSION = YES;
				CLANG_WARN_INFINITE_RECURSION = YES;
				CLANG_WARN_INT_CONVERSION = YES;
				CLANG_WARN_NON_LITERAL_NULL_CONVERSION = YES;
				CLANG_WARN_OBJC_IMPLICIT_RETAIN_SELF = YES;
				CLANG_WARN_OBJC_LITERAL_CONVERSION = YES;
				CLANG_WARN_OBJC_ROOT_CLASS = YES_ERROR;
				CLANG_WARN_QUOTED_INCLUDE_IN_FRAMEWORK_HEADER = YES;
				CLANG_WARN_RANGE_LOOP_ANALYSIS = YES;
				CLANG_WARN_STRICT_PROTOTYPES = YES;
				CLANG_WARN_SUSPICIOUS_MOVE = YES;
				CLANG_WARN_UNGUARDED_AVAILABILITY = YES_AGGRESSIVE;
				CLANG_WARN_UNREACHABLE_CODE = YES;
				CLANG_WARN__DUPLICATE_METHOD_MATCH = YES;
				COPY_PHASE_STRIP = NO;
				DEBUG_INFORMATION_FORMAT = "dwarf-with-dsym";
				DEVELOPMENT_TEAM = XNP7DG99BF;
				ENABLE_NS_ASSERTIONS = NO;
				ENABLE_STRICT_OBJC_MSGSEND = YES;
				ENABLE_USER_SCRIPT_SANDBOXING = YES;
				GCC_C_LANGUAGE_STANDARD = gnu17;
				GCC_NO_COMMON_BLOCKS = YES;
				GCC_WARN_64_TO_32_BIT_CONVERSION = YES;
				GCC_WARN_ABOUT_RETURN_TYPE = YES_ERROR;
				GCC_WARN_UNDECLARED_SELECTOR = YES;
				GCC_WARN_UNINITIALIZED_AUTOS = YES_AGGRESSIVE;
				GCC_WARN_UNUSED_FUNCTION = YES;
				GCC_WARN_UNUSED_VARIABLE = YES;
				IPHONEOS_DEPLOYMENT_TARGET = 18.4;
				LOCALIZATION_PREFERS_STRING_CATALOGS = YES;
				MTL_ENABLE_DEBUG_INFO = NO;
				MTL_FAST_MATH = YES;
				SDKROOT = iphoneos;
				SWIFT_COMPILATION_MODE = wholemodule;
				VALIDATE_PRODUCT = YES;
			};
			name = Release;
		};
		51945CAC2DC285DE006D9F78 /* Debug */ = {
			isa = XCBuildConfiguration;
			buildSettings = {
				ASSETCATALOG_COMPILER_APPICON_NAME = AppIcon;
				ASSETCATALOG_COMPILER_GLOBAL_ACCENT_COLOR_NAME = AccentColor;
				CODE_SIGN_IDENTITY = "Apple Development";
				CODE_SIGN_STYLE = Automatic;
				CURRENT_PROJECT_VERSION = 1;
				DEVELOPMENT_TEAM = XNP7DG99BF;
				ENABLE_PREVIEWS = YES;
				GENERATE_INFOPLIST_FILE = YES;
				INFOPLIST_FILE = AudioBookApp/Info.plist;
				INFOPLIST_KEY_LSApplicationCategoryType = "public.app-category.books";
				INFOPLIST_KEY_UIApplicationSupportsIndirectInputEvents = YES;
				INFOPLIST_KEY_UISupportedInterfaceOrientations_iPad = "UIInterfaceOrientationPortrait UIInterfaceOrientationPortraitUpsideDown UIInterfaceOrientationLandscapeLeft UIInterfaceOrientationLandscapeRight";
				INFOPLIST_KEY_UISupportedInterfaceOrientations_iPhone = "UIInterfaceOrientationPortrait UIInterfaceOrientationLandscapeLeft UIInterfaceOrientationLandscapeRight";
				LD_RUNPATH_SEARCH_PATHS = (
					"$(inherited)",
					"@executable_path/Frameworks",
				);
				MARKETING_VERSION = 1.0;
				PRODUCT_BUNDLE_IDENTIFIER = "Odasaku-Khan.AudioBookApp";
				PRODUCT_NAME = "$(TARGET_NAME)";
				PROVISIONING_PROFILE_SPECIFIER = "";
				SWIFT_EMIT_LOC_STRINGS = YES;
				SWIFT_VERSION = 5.0;
				TARGETED_DEVICE_FAMILY = "1,2";
			};
			name = Debug;
		};
		51945CAD2DC285DE006D9F78 /* Release */ = {
			isa = XCBuildConfiguration;
			buildSettings = {
				ASSETCATALOG_COMPILER_APPICON_NAME = AppIcon;
				ASSETCATALOG_COMPILER_GLOBAL_ACCENT_COLOR_NAME = AccentColor;
				CODE_SIGN_IDENTITY = "Apple Development";
				CODE_SIGN_STYLE = Automatic;
				CURRENT_PROJECT_VERSION = 1;
				DEVELOPMENT_TEAM = XNP7DG99BF;
				ENABLE_PREVIEWS = YES;
				GENERATE_INFOPLIST_FILE = YES;
				INFOPLIST_FILE = AudioBookApp/Info.plist;
				INFOPLIST_KEY_LSApplicationCategoryType = "public.app-category.books";
				INFOPLIST_KEY_UIApplicationSupportsIndirectInputEvents = YES;
				INFOPLIST_KEY_UISupportedInterfaceOrientations_iPad = "UIInterfaceOrientationPortrait UIInterfaceOrientationPortraitUpsideDown UIInterfaceOrientationLandscapeLeft UIInterfaceOrientationLandscapeRight";
				INFOPLIST_KEY_UISupportedInterfaceOrientations_iPhone = "UIInterfaceOrientationPortrait UIInterfaceOrientationLandscapeLeft UIInterfaceOrientationLandscapeRight";
				LD_RUNPATH_SEARCH_PATHS = (
					"$(inherited)",
					"@executable_path/Frameworks",
				);
				MARKETING_VERSION = 1.0;
				PRODUCT_BUNDLE_IDENTIFIER = "Odasaku-Khan.AudioBookApp";
				PRODUCT_NAME = "$(TARGET_NAME)";
				PROVISIONING_PROFILE_SPECIFIER = "";
				SWIFT_EMIT_LOC_STRINGS = YES;
				SWIFT_VERSION = 5.0;
				TARGETED_DEVICE_FAMILY = "1,2";
			};
			name = Release;
		};
		51945CAF2DC285DE006D9F78 /* Debug */ = {
			isa = XCBuildConfiguration;
			buildSettings = {
				BUNDLE_LOADER = "$(TEST_HOST)";
				CODE_SIGN_STYLE = Automatic;
				CURRENT_PROJECT_VERSION = 1;
				DEVELOPMENT_TEAM = XNP7DG99BF;
				GENERATE_INFOPLIST_FILE = YES;
				IPHONEOS_DEPLOYMENT_TARGET = 18.4;
				MARKETING_VERSION = 1.0;
				PRODUCT_BUNDLE_IDENTIFIER = "Odasaku-Khan.AudioBookAppTests";
				PRODUCT_NAME = "$(TARGET_NAME)";
				SWIFT_EMIT_LOC_STRINGS = NO;
				SWIFT_VERSION = 5.0;
				TARGETED_DEVICE_FAMILY = "1,2";
				TEST_HOST = "$(BUILT_PRODUCTS_DIR)/AudioBookApp.app/$(BUNDLE_EXECUTABLE_FOLDER_PATH)/AudioBookApp";
			};
			name = Debug;
		};
		51945CB02DC285DE006D9F78 /* Release */ = {
			isa = XCBuildConfiguration;
			buildSettings = {
				BUNDLE_LOADER = "$(TEST_HOST)";
				CODE_SIGN_STYLE = Automatic;
				CURRENT_PROJECT_VERSION = 1;
				DEVELOPMENT_TEAM = XNP7DG99BF;
				GENERATE_INFOPLIST_FILE = YES;
				IPHONEOS_DEPLOYMENT_TARGET = 18.4;
				MARKETING_VERSION = 1.0;
				PRODUCT_BUNDLE_IDENTIFIER = "Odasaku-Khan.AudioBookAppTests";
				PRODUCT_NAME = "$(TARGET_NAME)";
				SWIFT_EMIT_LOC_STRINGS = NO;
				SWIFT_VERSION = 5.0;
				TARGETED_DEVICE_FAMILY = "1,2";
				TEST_HOST = "$(BUILT_PRODUCTS_DIR)/AudioBookApp.app/$(BUNDLE_EXECUTABLE_FOLDER_PATH)/AudioBookApp";
			};
			name = Release;
		};
		51945CB22DC285DE006D9F78 /* Debug */ = {
			isa = XCBuildConfiguration;
			buildSettings = {
				CODE_SIGN_STYLE = Automatic;
				CURRENT_PROJECT_VERSION = 1;
				DEVELOPMENT_TEAM = XNP7DG99BF;
				GENERATE_INFOPLIST_FILE = YES;
				MARKETING_VERSION = 1.0;
				PRODUCT_BUNDLE_IDENTIFIER = "Odasaku-Khan.AudioBookAppUITests";
				PRODUCT_NAME = "$(TARGET_NAME)";
				SWIFT_EMIT_LOC_STRINGS = NO;
				SWIFT_VERSION = 5.0;
				TARGETED_DEVICE_FAMILY = "1,2";
				TEST_TARGET_NAME = AudioBookApp;
			};
			name = Debug;
		};
		51945CB32DC285DE006D9F78 /* Release */ = {
			isa = XCBuildConfiguration;
			buildSettings = {
				CODE_SIGN_STYLE = Automatic;
				CURRENT_PROJECT_VERSION = 1;
				DEVELOPMENT_TEAM = XNP7DG99BF;
				GENERATE_INFOPLIST_FILE = YES;
				MARKETING_VERSION = 1.0;
				PRODUCT_BUNDLE_IDENTIFIER = "Odasaku-Khan.AudioBookAppUITests";
				PRODUCT_NAME = "$(TARGET_NAME)";
				SWIFT_EMIT_LOC_STRINGS = NO;
				SWIFT_VERSION = 5.0;
				TARGETED_DEVICE_FAMILY = "1,2";
				TEST_TARGET_NAME = AudioBookApp;
			};
			name = Release;
		};
/* End XCBuildConfiguration section */

/* Begin XCConfigurationList section */
		51945C852DC285DC006D9F78 /* Build configuration list for PBXProject "AudioBookApp" */ = {
			isa = XCConfigurationList;
			buildConfigurations = (
				51945CA92DC285DE006D9F78 /* Debug */,
				51945CAA2DC285DE006D9F78 /* Release */,
			);
			defaultConfigurationIsVisible = 0;
			defaultConfigurationName = Release;
		};
		51945CAB2DC285DE006D9F78 /* Build configuration list for PBXNativeTarget "AudioBookApp" */ = {
			isa = XCConfigurationList;
			buildConfigurations = (
				51945CAC2DC285DE006D9F78 /* Debug */,
				51945CAD2DC285DE006D9F78 /* Release */,
			);
			defaultConfigurationIsVisible = 0;
			defaultConfigurationName = Release;
		};
		51945CAE2DC285DE006D9F78 /* Build configuration list for PBXNativeTarget "AudioBookAppTests" */ = {
			isa = XCConfigurationList;
			buildConfigurations = (
				51945CAF2DC285DE006D9F78 /* Debug */,
				51945CB02DC285DE006D9F78 /* Release */,
			);
			defaultConfigurationIsVisible = 0;
			defaultConfigurationName = Release;
		};
		51945CB12DC285DE006D9F78 /* Build configuration list for PBXNativeTarget "AudioBookAppUITests" */ = {
			isa = XCConfigurationList;
			buildConfigurations = (
				51945CB22DC285DE006D9F78 /* Debug */,
				51945CB32DC285DE006D9F78 /* Release */,
			);
			defaultConfigurationIsVisible = 0;
			defaultConfigurationName = Release;
		};
/* End XCConfigurationList section */
	};
	rootObject = 51945C822DC285DC006D9F78 /* Project object */;
}
